
Microsoft Visual Studio Solution File, Format Version 12.00
# Visual Studio 15
VisualStudioVersion = 15.0.27428.2005
MinimumVisualStudioVersion = 10.0.40219.1
Project("{FAE04EC0-301F-11D3-BF4B-00C04F79EFBC}") = "JS MVC Project", "JS MVC Project\JS MVC Project.csproj", "{B3B57BEA-E36C-401C-AAE7-04D9B0D2BE52}"
EndProject
Global
	GlobalSection(SolutionConfigurationPlatforms) = preSolution
		Debug|Any CPU = Debug|Any CPU
		Release|Any CPU = Release|Any CPU
	EndGlobalSection
	GlobalSection(ProjectConfigurationPlatforms) = postSolution
		{B3B57BEA-E36C-401C-AAE7-04D9B0D2BE52}.Debug|Any CPU.ActiveCfg = Debug|Any CPU
		{B3B57BEA-E36C-401C-AAE7-04D9B0D2BE52}.Debug|Any CPU.Build.0 = Debug|Any CPU
		{B3B57BEA-E36C-401C-AAE7-04D9B0D2BE52}.Release|Any CPU.ActiveCfg = Release|Any CPU
		{B3B57BEA-E36C-401C-AAE7-04D9B0D2BE52}.Release|Any CPU.Build.0 = Release|Any CPU
	EndGlobalSection
	GlobalSection(SolutionProperties) = preSolution
		HideSolutionNode = FALSE
	EndGlobalSection
	GlobalSection(ExtensibilityGlobals) = postSolution
		SolutionGuid = {E7B2D3A5-8CFD-40E1-A518-DF54E3992F5B}
	EndGlobalSection
EndGlobal
